
Microsoft Visual Studio Solution File, Format Version 12.00
# Visual Studio Version 17
VisualStudioVersion = 17.11.35327.3
MinimumVisualStudioVersion = 10.0.40219.1
Project("{FAE04EC0-301F-11D3-BF4B-00C04F79EFBC}") = "19-Sistema_de_Gestión_de_Tareas_de_Mantenimiento", "19-Sistema_de_Gestión_de_Tareas_de_Mantenimiento\19-Sistema_de_Gestión_de_Tareas_de_Mantenimiento.csproj", "{E7509AC0-EF42-4DF9-AC48-581A5347255B}"
EndProject
Global
	GlobalSection(SolutionConfigurationPlatforms) = preSolution
		Debug|Any CPU = Debug|Any CPU
		Release|Any CPU = Release|Any CPU
	EndGlobalSection
	GlobalSection(ProjectConfigurationPlatforms) = postSolution
		{E7509AC0-EF42-4DF9-AC48-581A5347255B}.Debug|Any CPU.ActiveCfg = Debug|Any CPU
		{E7509AC0-EF42-4DF9-AC48-581A5347255B}.Debug|Any CPU.Build.0 = Debug|Any CPU
		{E7509AC0-EF42-4DF9-AC48-581A5347255B}.Release|Any CPU.ActiveCfg = Release|Any CPU
		{E7509AC0-EF42-4DF9-AC48-581A5347255B}.Release|Any CPU.Build.0 = Release|Any CPU
	EndGlobalSection
	GlobalSection(SolutionProperties) = preSolution
		HideSolutionNode = FALSE
	EndGlobalSection
	GlobalSection(ExtensibilityGlobals) = postSolution
		SolutionGuid = {8924512B-CF16-4C76-A788-63BB569C5FB9}
	EndGlobalSection
EndGlobal
